{"is_source_file": false, "format": "", "description": "", "external_files": [], "external_methods": [], "published": [], "classes": [], "methods": [], "calls": [], "search-terms": [], "state": 2, "file_id": 92, "knowledge_revision": 225, "git_revision": "", "hash": "69e93c0c6286d0fccb25372330d1250e", "format-version": 4, "code-base-name": "default", "filename": "geminitasksync/macos/Runner.xcodeproj/project.pbxproj", "revision_history": [{"225": ""}]}