{"is_source_file": false, "format": "", "description": "", "external_files": [], "external_methods": [], "published": [], "classes": [], "methods": [], "calls": [], "search-terms": [], "state": 2, "file_id": 94, "knowledge_revision": 226, "git_revision": "", "hash": "1e1d55c8957c75e2d056c833183938e6", "format-version": 4, "code-base-name": "default", "filename": "geminitasksync/macos/Runner.xcodeproj/xcshareddata/xcschemes/Runner.xcscheme", "revision_history": [{"226": ""}]}